// !$*UTF8*$!
{
	archiveVersion = 1;
	classes = {
	};
	objectVersion = 46;
	objects = {

/* Begin PBXBuildFile section */
		0108618B1CB6521D00728C5D /* CustomerService.swift in Sources */ = {isa = PBXBuildFile; fileRef = 0108618A1CB6521D00728C5D /* CustomerService.swift */; };
		0108618F1CB6526300728C5D /* CustomerServiceTests.swift in Sources */ = {isa = PBXBuildFile; fileRef = 0108618E1CB6526300728C5D /* CustomerServiceTests.swift */; };
		010861901CB652C700728C5D /* CustomerService.swift in Sources */ = {isa = PBXBuildFile; fileRef = 0108618A1CB6521D00728C5D /* CustomerService.swift */; };
		010861911CB652EB00728C5D /* Customer.swift in Sources */ = {isa = PBXBuildFile; fileRef = FC86296B1CB411F400A68A17 /* Customer.swift */; };
		010861941CB6562B00728C5D /* CustomerTests.swift in Sources */ = {isa = PBXBuildFile; fileRef = 010861931CB6562B00728C5D /* CustomerTests.swift */; };
		0123A7F81CC8CEC100C729F1 /* Bill.swift in Sources */ = {isa = PBXBuildFile; fileRef = FC5933AF1CAECC1900081C4A /* Bill.swift */; };
		77CD18416300C7377CD909A6 /* Pods.framework in Frameworks */ = {isa = PBXBuildFile; fileRef = 1A5BAE7E9D13857563B113DE /* Pods.framework */; };
		FC4E71A31CA48D42004D9B54 /* AppDelegate.swift in Sources */ = {isa = PBXBuildFile; fileRef = FC4E71A21CA48D42004D9B54 /* AppDelegate.swift */; };
		FC4E71A51CA48D42004D9B54 /* ArticlesViewController.swift in Sources */ = {isa = PBXBuildFile; fileRef = FC4E71A41CA48D42004D9B54 /* ArticlesViewController.swift */; };
		FC4E71A71CA48D42004D9B54 /* CartViewController.swift in Sources */ = {isa = PBXBuildFile; fileRef = FC4E71A61CA48D42004D9B54 /* CartViewController.swift */; };
		FC4E71AA1CA48D42004D9B54 /* Main.storyboard in Resources */ = {isa = PBXBuildFile; fileRef = FC4E71A81CA48D42004D9B54 /* Main.storyboard */; };
		FC4E71AF1CA48D42004D9B54 /* LaunchScreen.storyboard in Resources */ = {isa = PBXBuildFile; fileRef = FC4E71AD1CA48D42004D9B54 /* LaunchScreen.storyboard */; };
		FC4E71BA1CA48D42004D9B54 /* kuru_swiftTests.swift in Sources */ = {isa = PBXBuildFile; fileRef = FC4E71B91CA48D42004D9B54 /* kuru_swiftTests.swift */; };
		FC4E71C51CA48D42004D9B54 /* kuru_swiftUITests.swift in Sources */ = {isa = PBXBuildFile; fileRef = FC4E71C41CA48D42004D9B54 /* kuru_swiftUITests.swift */; };
		FC4E71D31CA496E1004D9B54 /* HistoryViewController.swift in Sources */ = {isa = PBXBuildFile; fileRef = FC4E71D21CA496E1004D9B54 /* HistoryViewController.swift */; };
		FC4E71D51CA4989D004D9B54 /* CustomerViewController.swift in Sources */ = {isa = PBXBuildFile; fileRef = FC4E71D41CA4989D004D9B54 /* CustomerViewController.swift */; };
		FC4EEC571CCFE2EA00DECBB8 /* collectionViewCell.swift in Sources */ = {isa = PBXBuildFile; fileRef = FC4EEC561CCFE2EA00DECBB8 /* collectionViewCell.swift */; };
		FC53AB4E1CA88EE70045D4E8 /* Assets.xcassets in Resources */ = {isa = PBXBuildFile; fileRef = FC4E71AB1CA48D42004D9B54 /* Assets.xcassets */; };
		FC53AB501CA893510045D4E8 /* LoginViewController.swift in Sources */ = {isa = PBXBuildFile; fileRef = FC53AB4F1CA893510045D4E8 /* LoginViewController.swift */; };
		FC5933AC1CAEC9ED00081C4A /* Article.swift in Sources */ = {isa = PBXBuildFile; fileRef = FC5933AB1CAEC9ED00081C4A /* Article.swift */; };
		FC5933AE1CAECB7400081C4A /* ArticleCategory.swift in Sources */ = {isa = PBXBuildFile; fileRef = FC5933AD1CAECB7400081C4A /* ArticleCategory.swift */; };
		FC5933B01CAECC1900081C4A /* Bill.swift in Sources */ = {isa = PBXBuildFile; fileRef = FC5933AF1CAECC1900081C4A /* Bill.swift */; };
		FC60E1D21CBC26BE0003D87F /* BIllService.swift in Sources */ = {isa = PBXBuildFile; fileRef = FC60E1D11CBC26BE0003D87F /* BIllService.swift */; };
		FC839DC91CB808B200827448 /* ArticleService.swift in Sources */ = {isa = PBXBuildFile; fileRef = FC839DC81CB808B200827448 /* ArticleService.swift */; };
		FC839DCB1CB8159B00827448 /* ArticleCategoryService.swift in Sources */ = {isa = PBXBuildFile; fileRef = FC839DCA1CB8159B00827448 /* ArticleCategoryService.swift */; };
		FC839DCD1CB8258200827448 /* KuruVariables.swift in Sources */ = {isa = PBXBuildFile; fileRef = FC839DCC1CB8258200827448 /* KuruVariables.swift */; };
		FC86296C1CB411F400A68A17 /* Customer.swift in Sources */ = {isa = PBXBuildFile; fileRef = FC86296B1CB411F400A68A17 /* Customer.swift */; };
		FC86296E1CB4130D00A68A17 /* Item.swift in Sources */ = {isa = PBXBuildFile; fileRef = FC86296D1CB4130D00A68A17 /* Item.swift */; };
		FC8629701CB413F700A68A17 /* User.swift in Sources */ = {isa = PBXBuildFile; fileRef = FC86296F1CB413F700A68A17 /* User.swift */; };
		FC8629721CB4146900A68A17 /* ValueSet.swift in Sources */ = {isa = PBXBuildFile; fileRef = FC8629711CB4146900A68A17 /* ValueSet.swift */; };
		FCFF106E1CC94C5900611EFA /* ItemService.swift in Sources */ = {isa = PBXBuildFile; fileRef = FCFF106D1CC94C5900611EFA /* ItemService.swift */; };
		FCFF10701CC9588E00611EFA /* UserService.swift in Sources */ = {isa = PBXBuildFile; fileRef = FCFF106F1CC9588E00611EFA /* UserService.swift */; };
/* End PBXBuildFile section */

/* Begin PBXContainerItemProxy section */
		FC4E71B61CA48D42004D9B54 /* PBXContainerItemProxy */ = {
			isa = PBXContainerItemProxy;
			containerPortal = FC4E71971CA48D42004D9B54 /* Project object */;
			proxyType = 1;
			remoteGlobalIDString = FC4E719E1CA48D42004D9B54;
			remoteInfo = "kuru-swift";
		};
		FC4E71C11CA48D42004D9B54 /* PBXContainerItemProxy */ = {
			isa = PBXContainerItemProxy;
			containerPortal = FC4E71971CA48D42004D9B54 /* Project object */;
			proxyType = 1;
			remoteGlobalIDString = FC4E719E1CA48D42004D9B54;
			remoteInfo = "kuru-swift";
		};
/* End PBXContainerItemProxy section */

/* Begin PBXFileReference section */
		0108618A1CB6521D00728C5D /* CustomerService.swift */ = {isa = PBXFileReference; fileEncoding = 4; lastKnownFileType = sourcecode.swift; name = CustomerService.swift; path = Service/CustomerService.swift; sourceTree = "<group>"; };
		0108618E1CB6526300728C5D /* CustomerServiceTests.swift */ = {isa = PBXFileReference; fileEncoding = 4; lastKnownFileType = sourcecode.swift; path = CustomerServiceTests.swift; sourceTree = "<group>"; };
		010861931CB6562B00728C5D /* CustomerTests.swift */ = {isa = PBXFileReference; fileEncoding = 4; lastKnownFileType = sourcecode.swift; path = CustomerTests.swift; sourceTree = "<group>"; };
		1A5BAE7E9D13857563B113DE /* Pods.framework */ = {isa = PBXFileReference; explicitFileType = wrapper.framework; includeInIndex = 0; path = Pods.framework; sourceTree = BUILT_PRODUCTS_DIR; };
		586B9496CF3EAE86B61E42A0 /* Pods.release.xcconfig */ = {isa = PBXFileReference; includeInIndex = 1; lastKnownFileType = text.xcconfig; name = Pods.release.xcconfig; path = "Pods/Target Support Files/Pods/Pods.release.xcconfig"; sourceTree = "<group>"; };
		CE5AA287422E7156EEB1672A /* Pods.debug.xcconfig */ = {isa = PBXFileReference; includeInIndex = 1; lastKnownFileType = text.xcconfig; name = Pods.debug.xcconfig; path = "Pods/Target Support Files/Pods/Pods.debug.xcconfig"; sourceTree = "<group>"; };
		FC4E719F1CA48D42004D9B54 /* kuru-swift.app */ = {isa = PBXFileReference; explicitFileType = wrapper.application; includeInIndex = 0; path = "kuru-swift.app"; sourceTree = BUILT_PRODUCTS_DIR; };
		FC4E71A21CA48D42004D9B54 /* AppDelegate.swift */ = {isa = PBXFileReference; lastKnownFileType = sourcecode.swift; path = AppDelegate.swift; sourceTree = "<group>"; };
		FC4E71A41CA48D42004D9B54 /* ArticlesViewController.swift */ = {isa = PBXFileReference; lastKnownFileType = sourcecode.swift; path = ArticlesViewController.swift; sourceTree = "<group>"; };
		FC4E71A61CA48D42004D9B54 /* CartViewController.swift */ = {isa = PBXFileReference; lastKnownFileType = sourcecode.swift; path = CartViewController.swift; sourceTree = "<group>"; };
		FC4E71A91CA48D42004D9B54 /* Base */ = {isa = PBXFileReference; lastKnownFileType = file.storyboard; name = Base; path = Base.lproj/Main.storyboard; sourceTree = "<group>"; };
		FC4E71AB1CA48D42004D9B54 /* Assets.xcassets */ = {isa = PBXFileReference; lastKnownFileType = folder.assetcatalog; path = Assets.xcassets; sourceTree = "<group>"; };
		FC4E71AE1CA48D42004D9B54 /* Base */ = {isa = PBXFileReference; lastKnownFileType = file.storyboard; name = Base; path = Base.lproj/LaunchScreen.storyboard; sourceTree = "<group>"; };
		FC4E71B01CA48D42004D9B54 /* Info.plist */ = {isa = PBXFileReference; lastKnownFileType = text.plist.xml; path = Info.plist; sourceTree = "<group>"; };
		FC4E71B51CA48D42004D9B54 /* kuru-swiftTests.xctest */ = {isa = PBXFileReference; explicitFileType = wrapper.cfbundle; includeInIndex = 0; path = "kuru-swiftTests.xctest"; sourceTree = BUILT_PRODUCTS_DIR; };
		FC4E71B91CA48D42004D9B54 /* kuru_swiftTests.swift */ = {isa = PBXFileReference; lastKnownFileType = sourcecode.swift; path = kuru_swiftTests.swift; sourceTree = "<group>"; };
		FC4E71BB1CA48D42004D9B54 /* Info.plist */ = {isa = PBXFileReference; lastKnownFileType = text.plist.xml; path = Info.plist; sourceTree = "<group>"; };
		FC4E71C01CA48D42004D9B54 /* kuru-swiftUITests.xctest */ = {isa = PBXFileReference; explicitFileType = wrapper.cfbundle; includeInIndex = 0; path = "kuru-swiftUITests.xctest"; sourceTree = BUILT_PRODUCTS_DIR; };
		FC4E71C41CA48D42004D9B54 /* kuru_swiftUITests.swift */ = {isa = PBXFileReference; lastKnownFileType = sourcecode.swift; path = kuru_swiftUITests.swift; sourceTree = "<group>"; };
		FC4E71C61CA48D42004D9B54 /* Info.plist */ = {isa = PBXFileReference; lastKnownFileType = text.plist.xml; path = Info.plist; sourceTree = "<group>"; };
		FC4E71D21CA496E1004D9B54 /* HistoryViewController.swift */ = {isa = PBXFileReference; fileEncoding = 4; lastKnownFileType = sourcecode.swift; path = HistoryViewController.swift; sourceTree = "<group>"; };
		FC4E71D41CA4989D004D9B54 /* CustomerViewController.swift */ = {isa = PBXFileReference; fileEncoding = 4; lastKnownFileType = sourcecode.swift; path = CustomerViewController.swift; sourceTree = "<group>"; };
		FC4EEC561CCFE2EA00DECBB8 /* collectionViewCell.swift */ = {isa = PBXFileReference; fileEncoding = 4; lastKnownFileType = sourcecode.swift; name = collectionViewCell.swift; path = Components/collectionViewCell.swift; sourceTree = "<group>"; };
		FC53AB4F1CA893510045D4E8 /* LoginViewController.swift */ = {isa = PBXFileReference; fileEncoding = 4; lastKnownFileType = sourcecode.swift; path = LoginViewController.swift; sourceTree = "<group>"; };
		FC5933AB1CAEC9ED00081C4A /* Article.swift */ = {isa = PBXFileReference; fileEncoding = 4; lastKnownFileType = sourcecode.swift; path = Article.swift; sourceTree = "<group>"; };
		FC5933AD1CAECB7400081C4A /* ArticleCategory.swift */ = {isa = PBXFileReference; fileEncoding = 4; lastKnownFileType = sourcecode.swift; path = ArticleCategory.swift; sourceTree = "<group>"; };
		FC5933AF1CAECC1900081C4A /* Bill.swift */ = {isa = PBXFileReference; fileEncoding = 4; lastKnownFileType = sourcecode.swift; path = Bill.swift; sourceTree = "<group>"; };
		FC60E1D11CBC26BE0003D87F /* BIllService.swift */ = {isa = PBXFileReference; fileEncoding = 4; lastKnownFileType = sourcecode.swift; name = BIllService.swift; path = Service/BIllService.swift; sourceTree = "<group>"; };
		FC839DC81CB808B200827448 /* ArticleService.swift */ = {isa = PBXFileReference; fileEncoding = 4; lastKnownFileType = sourcecode.swift; name = ArticleService.swift; path = Service/ArticleService.swift; sourceTree = "<group>"; };
		FC839DCA1CB8159B00827448 /* ArticleCategoryService.swift */ = {isa = PBXFileReference; fileEncoding = 4; lastKnownFileType = sourcecode.swift; name = ArticleCategoryService.swift; path = Service/ArticleCategoryService.swift; sourceTree = "<group>"; };
		FC839DCC1CB8258200827448 /* KuruVariables.swift */ = {isa = PBXFileReference; fileEncoding = 4; lastKnownFileType = sourcecode.swift; path = KuruVariables.swift; sourceTree = "<group>"; };
		FC86296B1CB411F400A68A17 /* Customer.swift */ = {isa = PBXFileReference; fileEncoding = 4; lastKnownFileType = sourcecode.swift; path = Customer.swift; sourceTree = "<group>"; };
		FC86296D1CB4130D00A68A17 /* Item.swift */ = {isa = PBXFileReference; fileEncoding = 4; lastKnownFileType = sourcecode.swift; path = Item.swift; sourceTree = "<group>"; };
		FC86296F1CB413F700A68A17 /* User.swift */ = {isa = PBXFileReference; fileEncoding = 4; lastKnownFileType = sourcecode.swift; path = User.swift; sourceTree = "<group>"; };
		FC8629711CB4146900A68A17 /* ValueSet.swift */ = {isa = PBXFileReference; fileEncoding = 4; lastKnownFileType = sourcecode.swift; path = ValueSet.swift; sourceTree = "<group>"; };
		FCFF106D1CC94C5900611EFA /* ItemService.swift */ = {isa = PBXFileReference; fileEncoding = 4; lastKnownFileType = sourcecode.swift; name = ItemService.swift; path = Service/ItemService.swift; sourceTree = "<group>"; };
		FCFF106F1CC9588E00611EFA /* UserService.swift */ = {isa = PBXFileReference; fileEncoding = 4; lastKnownFileType = sourcecode.swift; name = UserService.swift; path = Service/UserService.swift; sourceTree = "<group>"; };
/* End PBXFileReference section */

/* Begin PBXFrameworksBuildPhase section */
		FC4E719C1CA48D42004D9B54 /* Frameworks */ = {
			isa = PBXFrameworksBuildPhase;
			buildActionMask = 2147483647;
			files = (
				77CD18416300C7377CD909A6 /* Pods.framework in Frameworks */,
			);
			runOnlyForDeploymentPostprocessing = 0;
		};
		FC4E71B21CA48D42004D9B54 /* Frameworks */ = {
			isa = PBXFrameworksBuildPhase;
			buildActionMask = 2147483647;
			files = (
			);
			runOnlyForDeploymentPostprocessing = 0;
		};
		FC4E71BD1CA48D42004D9B54 /* Frameworks */ = {
			isa = PBXFrameworksBuildPhase;
			buildActionMask = 2147483647;
			files = (
			);
			runOnlyForDeploymentPostprocessing = 0;
		};
/* End PBXFrameworksBuildPhase section */

/* Begin PBXGroup section */
		0108618C1CB6523A00728C5D /* service */ = {
			isa = PBXGroup;
			children = (
				FC839DC81CB808B200827448 /* ArticleService.swift */,
				FC839DCA1CB8159B00827448 /* ArticleCategoryService.swift */,
				FC60E1D11CBC26BE0003D87F /* BIllService.swift */,
				0108618A1CB6521D00728C5D /* CustomerService.swift */,
				FCFF106D1CC94C5900611EFA /* ItemService.swift */,
				FCFF106F1CC9588E00611EFA /* UserService.swift */,
			);
			name = service;
			sourceTree = "<group>";
		};
		0108618D1CB6525200728C5D /* service */ = {
			isa = PBXGroup;
			children = (
				0108618E1CB6526300728C5D /* CustomerServiceTests.swift */,
			);
			name = service;
			sourceTree = "<group>";
		};
		010861921CB6562100728C5D /* objects */ = {
			isa = PBXGroup;
			children = (
				010861931CB6562B00728C5D /* CustomerTests.swift */,
			);
			name = objects;
			sourceTree = "<group>";
		};
		215D5C113B404D51E4DBECA4 /* Pods */ = {
			isa = PBXGroup;
			children = (
				CE5AA287422E7156EEB1672A /* Pods.debug.xcconfig */,
				586B9496CF3EAE86B61E42A0 /* Pods.release.xcconfig */,
			);
			name = Pods;
			sourceTree = "<group>";
		};
		2B2F1CC7E57B561D4CAAF108 /* Frameworks */ = {
			isa = PBXGroup;
			children = (
				1A5BAE7E9D13857563B113DE /* Pods.framework */,
			);
			name = Frameworks;
			sourceTree = "<group>";
		};
		FC4E71961CA48D42004D9B54 = {
			isa = PBXGroup;
			children = (
				FC4E71A11CA48D42004D9B54 /* kuru-swift */,
				FC4E71B81CA48D42004D9B54 /* kuru-swiftTests */,
				FC4E71C31CA48D42004D9B54 /* kuru-swiftUITests */,
				FC4E71A01CA48D42004D9B54 /* Products */,
				215D5C113B404D51E4DBECA4 /* Pods */,
				2B2F1CC7E57B561D4CAAF108 /* Frameworks */,
			);
			sourceTree = "<group>";
		};
		FC4E71A01CA48D42004D9B54 /* Products */ = {
			isa = PBXGroup;
			children = (
				FC4E719F1CA48D42004D9B54 /* kuru-swift.app */,
				FC4E71B51CA48D42004D9B54 /* kuru-swiftTests.xctest */,
				FC4E71C01CA48D42004D9B54 /* kuru-swiftUITests.xctest */,
			);
			name = Products;
			sourceTree = "<group>";
		};
		FC4E71A11CA48D42004D9B54 /* kuru-swift */ = {
			isa = PBXGroup;
			children = (
				FC4EEC551CCFE2A900DECBB8 /* components */,
				FC5933AA1CAEC6C800081C4A /* objects */,
				0108618C1CB6523A00728C5D /* service */,
				FC7C38DD1CB566E300B1DFD4 /* viewControllers */,
				FC4E71A21CA48D42004D9B54 /* AppDelegate.swift */,
				FC4E71A81CA48D42004D9B54 /* Main.storyboard */,
				FC4E71AB1CA48D42004D9B54 /* Assets.xcassets */,
				FC4E71AD1CA48D42004D9B54 /* LaunchScreen.storyboard */,
				FC4E71B01CA48D42004D9B54 /* Info.plist */,
				FC839DCC1CB8258200827448 /* KuruVariables.swift */,
			);
			path = "kuru-swift";
			sourceTree = "<group>";
		};
		FC4E71B81CA48D42004D9B54 /* kuru-swiftTests */ = {
			isa = PBXGroup;
			children = (
				010861921CB6562100728C5D /* objects */,
				0108618D1CB6525200728C5D /* service */,
				FC4E71B91CA48D42004D9B54 /* kuru_swiftTests.swift */,
				FC4E71BB1CA48D42004D9B54 /* Info.plist */,
			);
			path = "kuru-swiftTests";
			sourceTree = "<group>";
		};
		FC4E71C31CA48D42004D9B54 /* kuru-swiftUITests */ = {
			isa = PBXGroup;
			children = (
				FC4E71C41CA48D42004D9B54 /* kuru_swiftUITests.swift */,
				FC4E71C61CA48D42004D9B54 /* Info.plist */,
			);
			path = "kuru-swiftUITests";
			sourceTree = "<group>";
		};
		FC4EEC551CCFE2A900DECBB8 /* components */ = {
			isa = PBXGroup;
			children = (
				FC4EEC561CCFE2EA00DECBB8 /* collectionViewCell.swift */,
			);
			name = components;
			sourceTree = "<group>";
		};
		FC5933AA1CAEC6C800081C4A /* objects */ = {
			isa = PBXGroup;
			children = (
				FC5933AB1CAEC9ED00081C4A /* Article.swift */,
				FC5933AD1CAECB7400081C4A /* ArticleCategory.swift */,
				FC5933AF1CAECC1900081C4A /* Bill.swift */,
				FC86296B1CB411F400A68A17 /* Customer.swift */,
				FC86296D1CB4130D00A68A17 /* Item.swift */,
				FC86296F1CB413F700A68A17 /* User.swift */,
				FC8629711CB4146900A68A17 /* ValueSet.swift */,
			);
			name = objects;
			path = Objects;
			sourceTree = "<group>";
		};
		FC7C38DD1CB566E300B1DFD4 /* viewControllers */ = {
			isa = PBXGroup;
			children = (
				FC53AB4F1CA893510045D4E8 /* LoginViewController.swift */,
				FC4E71A41CA48D42004D9B54 /* ArticlesViewController.swift */,
				FC4E71A61CA48D42004D9B54 /* CartViewController.swift */,
				FC4E71D21CA496E1004D9B54 /* HistoryViewController.swift */,
				FC4E71D41CA4989D004D9B54 /* CustomerViewController.swift */,
			);
			name = viewControllers;
			path = ViewControllers;
			sourceTree = "<group>";
		};
/* End PBXGroup section */

/* Begin PBXNativeTarget section */
		FC4E719E1CA48D42004D9B54 /* kuru-swift */ = {
			isa = PBXNativeTarget;
			buildConfigurationList = FC4E71C91CA48D42004D9B54 /* Build configuration list for PBXNativeTarget "kuru-swift" */;
			buildPhases = (
				106CD476B4BD995C730ACBE7 /* Check Pods Manifest.lock */,
				FC4E719B1CA48D42004D9B54 /* Sources */,
				FC4E719C1CA48D42004D9B54 /* Frameworks */,
				FC4E719D1CA48D42004D9B54 /* Resources */,
				03B21BCE726FAF8FFAB44998 /* Embed Pods Frameworks */,
				920ADF9D90FFAA862B2EE331 /* Copy Pods Resources */,
			);
			buildRules = (
			);
			dependencies = (
			);
			name = "kuru-swift";
			productName = "kuru-swift";
			productReference = FC4E719F1CA48D42004D9B54 /* kuru-swift.app */;
			productType = "com.apple.product-type.application";
		};
		FC4E71B41CA48D42004D9B54 /* kuru-swiftTests */ = {
			isa = PBXNativeTarget;
			buildConfigurationList = FC4E71CC1CA48D42004D9B54 /* Build configuration list for PBXNativeTarget "kuru-swiftTests" */;
			buildPhases = (
				FC4E71B11CA48D42004D9B54 /* Sources */,
				FC4E71B21CA48D42004D9B54 /* Frameworks */,
				FC4E71B31CA48D42004D9B54 /* Resources */,
			);
			buildRules = (
			);
			dependencies = (
				FC4E71B71CA48D42004D9B54 /* PBXTargetDependency */,
			);
			name = "kuru-swiftTests";
			productName = "kuru-swiftTests";
			productReference = FC4E71B51CA48D42004D9B54 /* kuru-swiftTests.xctest */;
			productType = "com.apple.product-type.bundle.unit-test";
		};
		FC4E71BF1CA48D42004D9B54 /* kuru-swiftUITests */ = {
			isa = PBXNativeTarget;
			buildConfigurationList = FC4E71CF1CA48D42004D9B54 /* Build configuration list for PBXNativeTarget "kuru-swiftUITests" */;
			buildPhases = (
				FC4E71BC1CA48D42004D9B54 /* Sources */,
				FC4E71BD1CA48D42004D9B54 /* Frameworks */,
				FC4E71BE1CA48D42004D9B54 /* Resources */,
			);
			buildRules = (
			);
			dependencies = (
				FC4E71C21CA48D42004D9B54 /* PBXTargetDependency */,
			);
			name = "kuru-swiftUITests";
			productName = "kuru-swiftUITests";
			productReference = FC4E71C01CA48D42004D9B54 /* kuru-swiftUITests.xctest */;
			productType = "com.apple.product-type.bundle.ui-testing";
		};
/* End PBXNativeTarget section */

/* Begin PBXProject section */
		FC4E71971CA48D42004D9B54 /* Project object */ = {
			isa = PBXProject;
			attributes = {
				LastSwiftUpdateCheck = 0730;
				LastUpgradeCheck = 0730;
				ORGANIZATIONNAME = "Meruem Software";
				TargetAttributes = {
					FC4E719E1CA48D42004D9B54 = {
						CreatedOnToolsVersion = 7.3;
						DevelopmentTeam = 679X9L56L6;
					};
					FC4E71B41CA48D42004D9B54 = {
						CreatedOnToolsVersion = 7.3;
						TestTargetID = FC4E719E1CA48D42004D9B54;
					};
					FC4E71BF1CA48D42004D9B54 = {
						CreatedOnToolsVersion = 7.3;
						TestTargetID = FC4E719E1CA48D42004D9B54;
					};
				};
			};
			buildConfigurationList = FC4E719A1CA48D42004D9B54 /* Build configuration list for PBXProject "kuru-swift" */;
			compatibilityVersion = "Xcode 3.2";
			developmentRegion = English;
			hasScannedForEncodings = 0;
			knownRegions = (
				en,
				Base,
			);
			mainGroup = FC4E71961CA48D42004D9B54;
			productRefGroup = FC4E71A01CA48D42004D9B54 /* Products */;
			projectDirPath = "";
			projectRoot = "";
			targets = (
				FC4E719E1CA48D42004D9B54 /* kuru-swift */,
				FC4E71B41CA48D42004D9B54 /* kuru-swiftTests */,
				FC4E71BF1CA48D42004D9B54 /* kuru-swiftUITests */,
			);
		};
/* End PBXProject section */

/* Begin PBXResourcesBuildPhase section */
		FC4E719D1CA48D42004D9B54 /* Resources */ = {
			isa = PBXResourcesBuildPhase;
			buildActionMask = 2147483647;
			files = (
				FC4E71AF1CA48D42004D9B54 /* LaunchScreen.storyboard in Resources */,
				FC53AB4E1CA88EE70045D4E8 /* Assets.xcassets in Resources */,
				FC4E71AA1CA48D42004D9B54 /* Main.storyboard in Resources */,
			);
			runOnlyForDeploymentPostprocessing = 0;
		};
		FC4E71B31CA48D42004D9B54 /* Resources */ = {
			isa = PBXResourcesBuildPhase;
			buildActionMask = 2147483647;
			files = (
			);
			runOnlyForDeploymentPostprocessing = 0;
		};
		FC4E71BE1CA48D42004D9B54 /* Resources */ = {
			isa = PBXResourcesBuildPhase;
			buildActionMask = 2147483647;
			files = (
			);
			runOnlyForDeploymentPostprocessing = 0;
		};
/* End PBXResourcesBuildPhase section */

/* Begin PBXShellScriptBuildPhase section */
		03B21BCE726FAF8FFAB44998 /* Embed Pods Frameworks */ = {
			isa = PBXShellScriptBuildPhase;
			buildActionMask = 2147483647;
			files = (
			);
			inputPaths = (
			);
			name = "Embed Pods Frameworks";
			outputPaths = (
			);
			runOnlyForDeploymentPostprocessing = 0;
			shellPath = /bin/sh;
			shellScript = "\"${SRCROOT}/Pods/Target Support Files/Pods/Pods-frameworks.sh\"\n";
			showEnvVarsInLog = 0;
		};
		106CD476B4BD995C730ACBE7 /* Check Pods Manifest.lock */ = {
			isa = PBXShellScriptBuildPhase;
			buildActionMask = 2147483647;
			files = (
			);
			inputPaths = (
			);
			name = "Check Pods Manifest.lock";
			outputPaths = (
			);
			runOnlyForDeploymentPostprocessing = 0;
			shellPath = /bin/sh;
			shellScript = "diff \"${PODS_ROOT}/../Podfile.lock\" \"${PODS_ROOT}/Manifest.lock\" > /dev/null\nif [[ $? != 0 ]] ; then\n    cat << EOM\nerror: The sandbox is not in sync with the Podfile.lock. Run 'pod install' or update your CocoaPods installation.\nEOM\n    exit 1\nfi\n";
			showEnvVarsInLog = 0;
		};
		920ADF9D90FFAA862B2EE331 /* Copy Pods Resources */ = {
			isa = PBXShellScriptBuildPhase;
			buildActionMask = 2147483647;
			files = (
			);
			inputPaths = (
			);
			name = "Copy Pods Resources";
			outputPaths = (
			);
			runOnlyForDeploymentPostprocessing = 0;
			shellPath = /bin/sh;
			shellScript = "\"${SRCROOT}/Pods/Target Support Files/Pods/Pods-resources.sh\"\n";
			showEnvVarsInLog = 0;
		};
/* End PBXShellScriptBuildPhase section */

/* Begin PBXSourcesBuildPhase section */
		FC4E719B1CA48D42004D9B54 /* Sources */ = {
			isa = PBXSourcesBuildPhase;
			buildActionMask = 2147483647;
			files = (
				FC5933AC1CAEC9ED00081C4A /* Article.swift in Sources */,
				0108618B1CB6521D00728C5D /* CustomerService.swift in Sources */,
				FCFF106E1CC94C5900611EFA /* ItemService.swift in Sources */,
				FC60E1D21CBC26BE0003D87F /* BIllService.swift in Sources */,
				FC86296C1CB411F400A68A17 /* Customer.swift in Sources */,
				FC53AB501CA893510045D4E8 /* LoginViewController.swift in Sources */,
				FC5933AE1CAECB7400081C4A /* ArticleCategory.swift in Sources */,
				FC839DC91CB808B200827448 /* ArticleService.swift in Sources */,
				FC4E71A71CA48D42004D9B54 /* CartViewController.swift in Sources */,
				FC8629721CB4146900A68A17 /* ValueSet.swift in Sources */,
				FC4E71A31CA48D42004D9B54 /* AppDelegate.swift in Sources */,
				FC86296E1CB4130D00A68A17 /* Item.swift in Sources */,
				FC839DCB1CB8159B00827448 /* ArticleCategoryService.swift in Sources */,
				FC839DCD1CB8258200827448 /* KuruVariables.swift in Sources */,
				FC4E71D51CA4989D004D9B54 /* CustomerViewController.swift in Sources */,
				FC8629701CB413F700A68A17 /* User.swift in Sources */,
				FCFF10701CC9588E00611EFA /* UserService.swift in Sources */,
				FC4E71A51CA48D42004D9B54 /* ArticlesViewController.swift in Sources */,
				FC5933B01CAECC1900081C4A /* Bill.swift in Sources */,
				FC4EEC571CCFE2EA00DECBB8 /* collectionViewCell.swift in Sources */,
				FC4E71D31CA496E1004D9B54 /* HistoryViewController.swift in Sources */,
			);
			runOnlyForDeploymentPostprocessing = 0;
		};
		FC4E71B11CA48D42004D9B54 /* Sources */ = {
			isa = PBXSourcesBuildPhase;
			buildActionMask = 2147483647;
			files = (
				010861901CB652C700728C5D /* CustomerService.swift in Sources */,
				FC4E71BA1CA48D42004D9B54 /* kuru_swiftTests.swift in Sources */,
				0108618F1CB6526300728C5D /* CustomerServiceTests.swift in Sources */,
				010861911CB652EB00728C5D /* Customer.swift in Sources */,
				0123A7F81CC8CEC100C729F1 /* Bill.swift in Sources */,
				010861941CB6562B00728C5D /* CustomerTests.swift in Sources */,
			);
			runOnlyForDeploymentPostprocessing = 0;
		};
		FC4E71BC1CA48D42004D9B54 /* Sources */ = {
			isa = PBXSourcesBuildPhase;
			buildActionMask = 2147483647;
			files = (
				FC4E71C51CA48D42004D9B54 /* kuru_swiftUITests.swift in Sources */,
			);
			runOnlyForDeploymentPostprocessing = 0;
		};
/* End PBXSourcesBuildPhase section */

/* Begin PBXTargetDependency section */
		FC4E71B71CA48D42004D9B54 /* PBXTargetDependency */ = {
			isa = PBXTargetDependency;
			target = FC4E719E1CA48D42004D9B54 /* kuru-swift */;
			targetProxy = FC4E71B61CA48D42004D9B54 /* PBXContainerItemProxy */;
		};
		FC4E71C21CA48D42004D9B54 /* PBXTargetDependency */ = {
			isa = PBXTargetDependency;
			target = FC4E719E1CA48D42004D9B54 /* kuru-swift */;
			targetProxy = FC4E71C11CA48D42004D9B54 /* PBXContainerItemProxy */;
		};
/* End PBXTargetDependency section */

/* Begin PBXVariantGroup section */
		FC4E71A81CA48D42004D9B54 /* Main.storyboard */ = {
			isa = PBXVariantGroup;
			children = (
				FC4E71A91CA48D42004D9B54 /* Base */,
			);
			name = Main.storyboard;
			sourceTree = "<group>";
		};
		FC4E71AD1CA48D42004D9B54 /* LaunchScreen.storyboard */ = {
			isa = PBXVariantGroup;
			children = (
				FC4E71AE1CA48D42004D9B54 /* Base */,
			);
			name = LaunchScreen.storyboard;
			sourceTree = "<group>";
		};
/* End PBXVariantGroup section */

/* Begin XCBuildConfiguration section */
		FC4E71C71CA48D42004D9B54 /* Debug */ = {
			isa = XCBuildConfiguration;
			buildSettings = {
				ALWAYS_SEARCH_USER_PATHS = NO;
				CLANG_ANALYZER_NONNULL = YES;
				CLANG_CXX_LANGUAGE_STANDARD = "gnu++0x";
				CLANG_CXX_LIBRARY = "libc++";
				CLANG_ENABLE_MODULES = YES;
				CLANG_ENABLE_OBJC_ARC = YES;
				CLANG_WARN_BOOL_CONVERSION = YES;
				CLANG_WARN_CONSTANT_CONVERSION = YES;
				CLANG_WARN_DIRECT_OBJC_ISA_USAGE = YES_ERROR;
				CLANG_WARN_EMPTY_BODY = YES;
				CLANG_WARN_ENUM_CONVERSION = YES;
				CLANG_WARN_INT_CONVERSION = YES;
				CLANG_WARN_OBJC_ROOT_CLASS = YES_ERROR;
				CLANG_WARN_UNREACHABLE_CODE = YES;
				CLANG_WARN__DUPLICATE_METHOD_MATCH = YES;
				"CODE_SIGN_IDENTITY[sdk=iphoneos*]" = "iPhone Developer";
				COPY_PHASE_STRIP = NO;
				DEBUG_INFORMATION_FORMAT = dwarf;
				ENABLE_STRICT_OBJC_MSGSEND = YES;
				ENABLE_TESTABILITY = YES;
				GCC_C_LANGUAGE_STANDARD = gnu99;
				GCC_DYNAMIC_NO_PIC = NO;
				GCC_NO_COMMON_BLOCKS = YES;
				GCC_OPTIMIZATION_LEVEL = 0;
				GCC_PREPROCESSOR_DEFINITIONS = (
					"DEBUG=1",
					"$(inherited)",
				);
				GCC_WARN_64_TO_32_BIT_CONVERSION = YES;
				GCC_WARN_ABOUT_RETURN_TYPE = YES_ERROR;
				GCC_WARN_UNDECLARED_SELECTOR = YES;
				GCC_WARN_UNINITIALIZED_AUTOS = YES_AGGRESSIVE;
				GCC_WARN_UNUSED_FUNCTION = YES;
				GCC_WARN_UNUSED_VARIABLE = YES;
				IPHONEOS_DEPLOYMENT_TARGET = 9.3;
				MTL_ENABLE_DEBUG_INFO = YES;
				ONLY_ACTIVE_ARCH = YES;
				SDKROOT = iphoneos;
				SWIFT_OPTIMIZATION_LEVEL = "-Onone";
				TARGETED_DEVICE_FAMILY = "1,2";
			};
			name = Debug;
		};
		FC4E71C81CA48D42004D9B54 /* Release */ = {
			isa = XCBuildConfiguration;
			buildSettings = {
				ALWAYS_SEARCH_USER_PATHS = NO;
				CLANG_ANALYZER_NONNULL = YES;
				CLANG_CXX_LANGUAGE_STANDARD = "gnu++0x";
				CLANG_CXX_LIBRARY = "libc++";
				CLANG_ENABLE_MODULES = YES;
				CLANG_ENABLE_OBJC_ARC = YES;
				CLANG_WARN_BOOL_CONVERSION = YES;
				CLANG_WARN_CONSTANT_CONVERSION = YES;
				CLANG_WARN_DIRECT_OBJC_ISA_USAGE = YES_ERROR;
				CLANG_WARN_EMPTY_BODY = YES;
				CLANG_WARN_ENUM_CONVERSION = YES;
				CLANG_WARN_INT_CONVERSION = YES;
				CLANG_WARN_OBJC_ROOT_CLASS = YES_ERROR;
				CLANG_WARN_UNREACHABLE_CODE = YES;
				CLANG_WARN__DUPLICATE_METHOD_MATCH = YES;
				"CODE_SIGN_IDENTITY[sdk=iphoneos*]" = "iPhone Developer";
				COPY_PHASE_STRIP = NO;
				DEBUG_INFORMATION_FORMAT = "dwarf-with-dsym";
				ENABLE_NS_ASSERTIONS = NO;
				ENABLE_STRICT_OBJC_MSGSEND = YES;
				GCC_C_LANGUAGE_STANDARD = gnu99;
				GCC_NO_COMMON_BLOCKS = YES;
				GCC_WARN_64_TO_32_BIT_CONVERSION = YES;
				GCC_WARN_ABOUT_RETURN_TYPE = YES_ERROR;
				GCC_WARN_UNDECLARED_SELECTOR = YES;
				GCC_WARN_UNINITIALIZED_AUTOS = YES_AGGRESSIVE;
				GCC_WARN_UNUSED_FUNCTION = YES;
				GCC_WARN_UNUSED_VARIABLE = YES;
				IPHONEOS_DEPLOYMENT_TARGET = 9.3;
				MTL_ENABLE_DEBUG_INFO = NO;
				SDKROOT = iphoneos;
				TARGETED_DEVICE_FAMILY = "1,2";
				VALIDATE_PRODUCT = YES;
			};
			name = Release;
		};
		FC4E71CA1CA48D42004D9B54 /* Debug */ = {
			isa = XCBuildConfiguration;
			baseConfigurationReference = CE5AA287422E7156EEB1672A /* Pods.debug.xcconfig */;
			buildSettings = {
				ASSETCATALOG_COMPILER_APPICON_NAME = AppIcon;
				CODE_SIGN_IDENTITY = "iPhone Developer";
				INFOPLIST_FILE = "kuru-swift/Info.plist";
				IPHONEOS_DEPLOYMENT_TARGET = 9.0;
				LD_RUNPATH_SEARCH_PATHS = "$(inherited) @executable_path/Frameworks";
				PRODUCT_BUNDLE_IDENTIFIER = "hu.kuru-swift";
				PRODUCT_NAME = "$(TARGET_NAME)";
			};
			name = Debug;
		};
		FC4E71CB1CA48D42004D9B54 /* Release */ = {
			isa = XCBuildConfiguration;
			baseConfigurationReference = 586B9496CF3EAE86B61E42A0 /* Pods.release.xcconfig */;
			buildSettings = {
				ASSETCATALOG_COMPILER_APPICON_NAME = AppIcon;
				CODE_SIGN_IDENTITY = "iPhone Developer";
				INFOPLIST_FILE = "kuru-swift/Info.plist";
				IPHONEOS_DEPLOYMENT_TARGET = 9.0;
				LD_RUNPATH_SEARCH_PATHS = "$(inherited) @executable_path/Frameworks";
				PRODUCT_BUNDLE_IDENTIFIER = "hu.kuru-swift";
				PRODUCT_NAME = "$(TARGET_NAME)";
			};
			name = Release;
		};
		FC4E71CD1CA48D42004D9B54 /* Debug */ = {
			isa = XCBuildConfiguration;
			buildSettings = {
				BUNDLE_LOADER = "$(TEST_HOST)";
				INFOPLIST_FILE = "kuru-swiftTests/Info.plist";
				LD_RUNPATH_SEARCH_PATHS = "$(inherited) @executable_path/Frameworks @loader_path/Frameworks";
				PRODUCT_BUNDLE_IDENTIFIER = "hu.kuru-swiftTests";
				PRODUCT_NAME = "$(TARGET_NAME)";
				TEST_HOST = "$(BUILT_PRODUCTS_DIR)/kuru-swift.app/kuru-swift";
			};
			name = Debug;
		};
		FC4E71CE1CA48D42004D9B54 /* Release */ = {
			isa = XCBuildConfiguration;
			buildSettings = {
				BUNDLE_LOADER = "$(TEST_HOST)";
				INFOPLIST_FILE = "kuru-swiftTests/Info.plist";
				LD_RUNPATH_SEARCH_PATHS = "$(inherited) @executable_path/Frameworks @loader_path/Frameworks";
				PRODUCT_BUNDLE_IDENTIFIER = "hu.kuru-swiftTests";
				PRODUCT_NAME = "$(TARGET_NAME)";
				TEST_HOST = "$(BUILT_PRODUCTS_DIR)/kuru-swift.app/kuru-swift";
			};
			name = Release;
		};
		FC4E71D01CA48D42004D9B54 /* Debug */ = {
			isa = XCBuildConfiguration;
			buildSettings = {
				INFOPLIST_FILE = "kuru-swiftUITests/Info.plist";
				LD_RUNPATH_SEARCH_PATHS = "$(inherited) @executable_path/Frameworks @loader_path/Frameworks";
				PRODUCT_BUNDLE_IDENTIFIER = "hu.kuru-swiftUITests";
				PRODUCT_NAME = "$(TARGET_NAME)";
				TEST_TARGET_NAME = "kuru-swift";
			};
			name = Debug;
		};
		FC4E71D11CA48D42004D9B54 /* Release */ = {
			isa = XCBuildConfiguration;
			buildSettings = {
				INFOPLIST_FILE = "kuru-swiftUITests/Info.plist";
				LD_RUNPATH_SEARCH_PATHS = "$(inherited) @executable_path/Frameworks @loader_path/Frameworks";
				PRODUCT_BUNDLE_IDENTIFIER = "hu.kuru-swiftUITests";
				PRODUCT_NAME = "$(TARGET_NAME)";
				TEST_TARGET_NAME = "kuru-swift";
			};
			name = Release;
		};
/* End XCBuildConfiguration section */

/* Begin XCConfigurationList section */
		FC4E719A1CA48D42004D9B54 /* Build configuration list for PBXProject "kuru-swift" */ = {
			isa = XCConfigurationList;
			buildConfigurations = (
				FC4E71C71CA48D42004D9B54 /* Debug */,
				FC4E71C81CA48D42004D9B54 /* Release */,
			);
			defaultConfigurationIsVisible = 0;
			defaultConfigurationName = Release;
		};
		FC4E71C91CA48D42004D9B54 /* Build configuration list for PBXNativeTarget "kuru-swift" */ = {
			isa = XCConfigurationList;
			buildConfigurations = (
				FC4E71CA1CA48D42004D9B54 /* Debug */,
				FC4E71CB1CA48D42004D9B54 /* Release */,
			);
			defaultConfigurationIsVisible = 0;
			defaultConfigurationName = Release;
		};
		FC4E71CC1CA48D42004D9B54 /* Build configuration list for PBXNativeTarget "kuru-swiftTests" */ = {
			isa = XCConfigurationList;
			buildConfigurations = (
				FC4E71CD1CA48D42004D9B54 /* Debug */,
				FC4E71CE1CA48D42004D9B54 /* Release */,
			);
			defaultConfigurationIsVisible = 0;
			defaultConfigurationName = Release;
		};
		FC4E71CF1CA48D42004D9B54 /* Build configuration list for PBXNativeTarget "kuru-swiftUITests" */ = {
			isa = XCConfigurationList;
			buildConfigurations = (
				FC4E71D01CA48D42004D9B54 /* Debug */,
				FC4E71D11CA48D42004D9B54 /* Release */,
			);
			defaultConfigurationIsVisible = 0;
			defaultConfigurationName = Release;
		};
/* End XCConfigurationList section */
	};
	rootObject = FC4E71971CA48D42004D9B54 /* Project object */;
}
